
Microsoft Visual Studio Solution File, Format Version 12.00
# Visual Studio 15
VisualStudioVersion = 15.0.27703.2042
MinimumVisualStudioVersion = 10.0.40219.1
Project("{888888A0-9F3D-457C-B088-3A5042F75D52}") = "Aiwisfin_azure", "Aiwisfin_azure\Aiwisfin_azure.pyproj", "{638E662F-A1ED-4819-AC5B-B54F535E050B}"
EndProject
Global
	GlobalSection(SolutionConfigurationPlatforms) = preSolution
		Debug|Any CPU = Debug|Any CPU
		Release|Any CPU = Release|Any CPU
	EndGlobalSection
	GlobalSection(ProjectConfigurationPlatforms) = postSolution
		{638E662F-A1ED-4819-AC5B-B54F535E050B}.Debug|Any CPU.ActiveCfg = Debug|Any CPU
		{638E662F-A1ED-4819-AC5B-B54F535E050B}.Debug|Any CPU.Build.0 = Debug|Any CPU
		{638E662F-A1ED-4819-AC5B-B54F535E050B}.Release|Any CPU.ActiveCfg = Release|Any CPU
		{638E662F-A1ED-4819-AC5B-B54F535E050B}.Release|Any CPU.Build.0 = Release|Any CPU
	EndGlobalSection
	GlobalSection(SolutionProperties) = preSolution
		HideSolutionNode = FALSE
	EndGlobalSection
	GlobalSection(ExtensibilityGlobals) = postSolution
		SolutionGuid = {6A8A53D4-E721-418B-BC80-FD1696752369}
	EndGlobalSection
EndGlobal
